{
    "_readme": [
        "This file locks the dependencies of your project to a known state",
        "Read more about it at https://getcomposer.org/doc/01-basic-usage.md#installing-dependencies",
        "This file is @generated automatically"
    ],
    "content-hash": "ef341ee18f28c7bd5832e188fe157734",
    "packages": [],
    "packages-dev": [],
    "aliases": [],
    "minimum-stability": "stable",
    "stability-flags": [],
    "prefer-stable": false,
    "prefer-lowest": false,
    "platform": {
        "php": ">=5.6",
        "ext-mbstring": "*",
        "ext-sqlite3": "*",
        "ext-curl": "*",
        "ext-openssl": "*",
        "ext-libxml": "*",
        "ext-simplexml": "*",
        "ext-json": "*"
    },
    "platform-dev": []
}
